
Microsoft Visual Studio Solution File, Format Version 12.00
# Visual Studio Version 16
VisualStudioVersion = 16.0.30804.86
MinimumVisualStudioVersion = 10.0.40219.1
Project("{2150E333-8FDC-42A3-9474-1A3956D46DE8}") = "src", "src", "{24DED19F-8019-454E-A0E0-3CEBF08758D2}"
EndProject
Project("{2150E333-8FDC-42A3-9474-1A3956D46DE8}") = "Server", "Server", "{E6624B34-D156-4330-A4E0-A322F2199E76}"
EndProject
Project("{9A19103F-16F7-4668-BE54-9A1E7A4F7556}") = "TaxManager.API", "src\Server\TaxManager.API\TaxManager.API.csproj", "{3ED12848-7B39-4459-8708-E1D8EEEF4332}"
EndProject
Project("{9A19103F-16F7-4668-BE54-9A1E7A4F7556}") = "TaxManager.Core", "src\Server\TaxManager.Core\TaxManager.Core.csproj", "{EDED4A03-5475-4C19-AD31-6AAF56963F8F}"
EndProject
Project("{9A19103F-16F7-4668-BE54-9A1E7A4F7556}") = "TaxManager.Infra", "src\Server\TaxManager.Infra\TaxManager.Infra.csproj", "{18C3C2A8-03B4-4D8D-89D0-B4ECD1715027}"
EndProject
Project("{2150E333-8FDC-42A3-9474-1A3956D46DE8}") = "Client", "Client", "{15B4B573-A42D-40B2-8D16-4AC835D4E0C7}"
EndProject
Project("{9A19103F-16F7-4668-BE54-9A1E7A4F7556}") = "TaxManager.Web", "src\Client\TaxManager.Web\TaxManager.Web.csproj", "{264F015B-BD37-4E23-8F43-1BF02AFF3F12}"
EndProject
Project("{E53339B2-1760-4266-BCC7-CA923CBCF16C}") = "docker-compose", "docker-compose.dcproj", "{E162CD22-CB1B-425F-A49B-2AC488F73B61}"
EndProject
Global
	GlobalSection(SolutionConfigurationPlatforms) = preSolution
		Debug|Any CPU = Debug|Any CPU
		Release|Any CPU = Release|Any CPU
	EndGlobalSection
	GlobalSection(ProjectConfigurationPlatforms) = postSolution
		{3ED12848-7B39-4459-8708-E1D8EEEF4332}.Debug|Any CPU.ActiveCfg = Debug|Any CPU
		{3ED12848-7B39-4459-8708-E1D8EEEF4332}.Debug|Any CPU.Build.0 = Debug|Any CPU
		{3ED12848-7B39-4459-8708-E1D8EEEF4332}.Release|Any CPU.ActiveCfg = Release|Any CPU
		{3ED12848-7B39-4459-8708-E1D8EEEF4332}.Release|Any CPU.Build.0 = Release|Any CPU
		{EDED4A03-5475-4C19-AD31-6AAF56963F8F}.Debug|Any CPU.ActiveCfg = Debug|Any CPU
		{EDED4A03-5475-4C19-AD31-6AAF56963F8F}.Debug|Any CPU.Build.0 = Debug|Any CPU
		{EDED4A03-5475-4C19-AD31-6AAF56963F8F}.Release|Any CPU.ActiveCfg = Release|Any CPU
		{EDED4A03-5475-4C19-AD31-6AAF56963F8F}.Release|Any CPU.Build.0 = Release|Any CPU
		{18C3C2A8-03B4-4D8D-89D0-B4ECD1715027}.Debug|Any CPU.ActiveCfg = Debug|Any CPU
		{18C3C2A8-03B4-4D8D-89D0-B4ECD1715027}.Debug|Any CPU.Build.0 = Debug|Any CPU
		{18C3C2A8-03B4-4D8D-89D0-B4ECD1715027}.Release|Any CPU.ActiveCfg = Release|Any CPU
		{18C3C2A8-03B4-4D8D-89D0-B4ECD1715027}.Release|Any CPU.Build.0 = Release|Any CPU
		{264F015B-BD37-4E23-8F43-1BF02AFF3F12}.Debug|Any CPU.ActiveCfg = Debug|Any CPU
		{264F015B-BD37-4E23-8F43-1BF02AFF3F12}.Debug|Any CPU.Build.0 = Debug|Any CPU
		{264F015B-BD37-4E23-8F43-1BF02AFF3F12}.Release|Any CPU.ActiveCfg = Release|Any CPU
		{264F015B-BD37-4E23-8F43-1BF02AFF3F12}.Release|Any CPU.Build.0 = Release|Any CPU
		{E162CD22-CB1B-425F-A49B-2AC488F73B61}.Debug|Any CPU.ActiveCfg = Debug|Any CPU
		{E162CD22-CB1B-425F-A49B-2AC488F73B61}.Debug|Any CPU.Build.0 = Debug|Any CPU
		{E162CD22-CB1B-425F-A49B-2AC488F73B61}.Release|Any CPU.ActiveCfg = Release|Any CPU
		{E162CD22-CB1B-425F-A49B-2AC488F73B61}.Release|Any CPU.Build.0 = Release|Any CPU
	EndGlobalSection
	GlobalSection(SolutionProperties) = preSolution
		HideSolutionNode = FALSE
	EndGlobalSection
	GlobalSection(NestedProjects) = preSolution
		{E6624B34-D156-4330-A4E0-A322F2199E76} = {24DED19F-8019-454E-A0E0-3CEBF08758D2}
		{3ED12848-7B39-4459-8708-E1D8EEEF4332} = {E6624B34-D156-4330-A4E0-A322F2199E76}
		{EDED4A03-5475-4C19-AD31-6AAF56963F8F} = {E6624B34-D156-4330-A4E0-A322F2199E76}
		{18C3C2A8-03B4-4D8D-89D0-B4ECD1715027} = {E6624B34-D156-4330-A4E0-A322F2199E76}
		{15B4B573-A42D-40B2-8D16-4AC835D4E0C7} = {24DED19F-8019-454E-A0E0-3CEBF08758D2}
		{264F015B-BD37-4E23-8F43-1BF02AFF3F12} = {15B4B573-A42D-40B2-8D16-4AC835D4E0C7}
	EndGlobalSection
	GlobalSection(ExtensibilityGlobals) = postSolution
		SolutionGuid = {214B53C0-DFE5-4D57-BFC6-4FFA596EF62D}
	EndGlobalSection
EndGlobal
